{
    "_meta": {
        "hash": {
            "sha256": "6500cc77bf46fd30d43d271efbcb07477b1540fcfaeae5f7df2498d51829ad91"
        },
        "pipfile-spec": 6,
        "requires": {
            "python_version": "3.6"
        },
        "sources": [
            {
                "name": "pypi",
                "url": "https://pypi.org/simple",
                "verify_ssl": true
            }
        ]
    },
    "default": {
        "python-version": {
            "hashes": [
                "sha256:2c7429f3375cee19873892e5db4d10d2b42172d8851a8bb5111729e028470580",
                "sha256:5c16de57c7f2d614621cf468e8f5a20bb6b3cec665c9c7f5e9f9f000bf04fe67"
            ],
            "version": "==0.0.2"
        },
        "tensorflow-gpu": {
            "hashes": [
                "sha256:51cc56493594840814e55545cf36c006e174a6186f71418cc29aafa62e77b756"
            ],
            "index": "pypi",
            "version": "==2.12.0"
        }
    },
    "develop": {}
}
